{
  "nodes": {
    "nixpkgs": {
      "locked": {
        "lastModified": 1708807242,
        "narHash": "sha256-sRTRkhMD4delO/hPxxi+XwLqPn8BuUq6nnj4JqLwOu0=",
        "path": "/nix/store/gzv0nsm8d5js3wzq2mr1sv9lfp1iyail-source",
        "rev": "73de017ef2d18a04ac4bfd0c02650007ccb31c2a",
        "type": "path"
      },
      "original": {
        "id": "nixpkgs",
        "type": "indirect"
      }
    },
    "root": {
      "inputs": {
        "nixpkgs": "nixpkgs"
      }
    }
  },
  "root": "root",
  "version": 7
}
